github.com/bringmetheaugust/goDOM v0.0.0-20240801171357-414fcc9df67b h1:kcu6MWGSdggUn6r3/L04uRbmL0Ce/d0WaU3xvaRci4E=
github.com/bringmetheaugust/goDOM v0.0.0-20240801171357-414fcc9df67b/go.mod h1:ecW7EZ1cD/iUjZ9DlHQUwlurSyjYFdtkBA3hXnCnrlQ=
github.com/bringmetheaugust/goDOM v0.0.0-20240802080247-db88a492336f h1:zABlNsRWG3cJ8tv3F47P8ob1Y14nL6cpNTea+FxIwsE=
github.com/bringmetheaugust/goDOM v0.0.0-20240802080247-db88a492336f/go.mod h1:ecW7EZ1cD/iUjZ9DlHQUwlurSyjYFdtkBA3hXnCnrlQ=
github.com/bringmetheaugust/goDOM v0.1.1 h1:G92468UU4soyTE8nZMHHg7sJ6tPJbxLpdXZNzvNmEGU=
github.com/bringmetheaugust/goDOM v0.1.1/go.mod h1:ecW7EZ1cD/iUjZ9DlHQUwlurSyjYFdtkBA3hXnCnrlQ=
github.com/bringmetheaugust/goDOM v0.1.2 h1:EjIYld8ajVP2pESbhX317fRpDVij915F3UIOS1BC60Y=
github.com/bringmetheaugust/goDOM v0.1.2/go.mod h1:ecW7EZ1cD/iUjZ9DlHQUwlurSyjYFdtkBA3hXnCnrlQ=
github.com/bringmetheaugust/goDOM v0.1.3 h1:91nYYA7h5xnz8hJ93iCPnfqOx/qknKVFnoJo7S5pe5s=
github.com/bringmetheaugust/goDOM v0.1.3/go.mod h1:ecW7EZ1cD/iUjZ9DlHQUwlurSyjYFdtkBA3hXnCnrlQ=
github.com/bringmetheaugust/goDOM v0.1.4 h1:9KjX8I6AGvixeDtvYExO0Xcie5sfZkPqmuG0luk6XMw=
github.com/bringmetheaugust/goDOM v0.1.4/go.mod h1:ecW7EZ1cD/iUjZ9DlHQUwlurSyjYFdtkBA3hXnCnrlQ=
github.com/bringmetheaugust/goDOM v0.1.6 h1:QAzhP2yOcgorn03XAitIuXidyMfVuWrKDl8lqE7BBLU=
github.com/bringmetheaugust/goDOM v0.1.6/go.mod h1:ecW7EZ1cD/iUjZ9DlHQUwlurSyjYFdtkBA3hXnCnrlQ=
github.com/bringmetheaugust/goDOM v0.1.7 h1:J/rsi7Uid2Oj2VkNJYsEzCKquAnOVId5y15fzxJB/PY=
github.com/bringmetheaugust/goDOM v0.1.7/go.mod h1:ecW7EZ1cD/iUjZ9DlHQUwlurSyjYFdtkBA3hXnCnrlQ=
github.com/davecgh/go-spew v1.1.1 h1:vj9j/u1bqnvCEfJOwUhtlOARqs3+rkHYY13jYWTU97c=
github.com/davecgh/go-spew v1.1.1/go.mod h1:J7Y8YcW2NihsgmVo/mv3lAwl/skON4iLHjSsI+c5H38=
github.com/pmezard/go-difflib v1.0.0 h1:4DBwDE0NGyQoBHbLQYPwSUPoCMWR5BEzIk/f1lZbAQM=
github.com/pmezard/go-difflib v1.0.0/go.mod h1:iKH77koFhYxTK1pcRnkKkqfTogsbg7gZNVY4sRDYZ/4=
github.com/stretchr/testify v1.9.0 h1:HtqpIVDClZ4nwg75+f6Lvsy/wHu+3BoSGCbBAcpTsTg=
github.com/stretchr/testify v1.9.0/go.mod h1:r2ic/lqez/lEtzL7wO/rwa5dbSLXVDPFyf8C91i36aY=
gopkg.in/check.v1 v0.0.0-20161208181325-20d25e280405/go.mod h1:Co6ibVJAznAaIkqp8huTwlJQCZ016jof/cbN4VW5Yz0=
gopkg.in/yaml.v3 v3.0.1 h1:fxVm/GzAzEWqLHuvctI91KS9hhNmmWOoWu0XTYJS7CA=
gopkg.in/yaml.v3 v3.0.1/go.mod h1:K4uyk7z7BCEPqu6E+C64Yfv1cQ7kz7rIZviUmN+EgEM=
